{
  "name": "aem-test-script-generator",
  "version": "1.0.5",
  "lockfileVersion": 2,
  "requires": true,
  "packages": {
    "": {
      "name": "aem-test-script-generator",
      "version": "1.0.5",
      "license": "ISC",
      "bin": {
        "aem-test-script-generator": "index.js"
      }
    }
  }
}
